
Microsoft Visual Studio Solution File, Format Version 12.00
# Visual Studio Version 16
VisualStudioVersion = 16.0.31025.194
MinimumVisualStudioVersion = 10.0.40219.1
Project("{FAE04EC0-301F-11D3-BF4B-00C04F79EFBC}") = "TestFrontend", "TestFrontend\TestFrontend.csproj", "{930F1CCB-7942-426B-B694-56B6575A2797}"
EndProject
Project("{FAE04EC0-301F-11D3-BF4B-00C04F79EFBC}") = "TestFrontendTests", "TestFrontendTests\TestFrontendTests.csproj", "{A87A17CA-6E5D-468A-BC36-D6CB3E0BE7DF}"
EndProject
Global
	GlobalSection(SolutionConfigurationPlatforms) = preSolution
		Debug|Any CPU = Debug|Any CPU
		Release|Any CPU = Release|Any CPU
	EndGlobalSection
	GlobalSection(ProjectConfigurationPlatforms) = postSolution
		{930F1CCB-7942-426B-B694-56B6575A2797}.Debug|Any CPU.ActiveCfg = Debug|Any CPU
		{930F1CCB-7942-426B-B694-56B6575A2797}.Debug|Any CPU.Build.0 = Debug|Any CPU
		{930F1CCB-7942-426B-B694-56B6575A2797}.Release|Any CPU.ActiveCfg = Release|Any CPU
		{930F1CCB-7942-426B-B694-56B6575A2797}.Release|Any CPU.Build.0 = Release|Any CPU
		{A87A17CA-6E5D-468A-BC36-D6CB3E0BE7DF}.Debug|Any CPU.ActiveCfg = Debug|Any CPU
		{A87A17CA-6E5D-468A-BC36-D6CB3E0BE7DF}.Debug|Any CPU.Build.0 = Debug|Any CPU
		{A87A17CA-6E5D-468A-BC36-D6CB3E0BE7DF}.Release|Any CPU.ActiveCfg = Release|Any CPU
		{A87A17CA-6E5D-468A-BC36-D6CB3E0BE7DF}.Release|Any CPU.Build.0 = Release|Any CPU
	EndGlobalSection
	GlobalSection(SolutionProperties) = preSolution
		HideSolutionNode = FALSE
	EndGlobalSection
	GlobalSection(ExtensibilityGlobals) = postSolution
		SolutionGuid = {DE1F9D2B-D477-4504-9E46-D753B4DEB586}
	EndGlobalSection
EndGlobal
